github.com/SebastiaanKlippert/go-wkhtmltopdf v1.5.0 h1:KNMkSqhko6c7eVncl/laVCS95jRryULVhVwwL0VynnU=
github.com/SebastiaanKlippert/go-wkhtmltopdf v1.5.0/go.mod h1:zRBvVJtIfhaWvQ9lPIkXrtona4qqSmjZ1HfKvq4dQzI=
github.com/gorilla/mux v1.7.4 h1:VuZ8uybHlWmqV03+zRzdwKL4tUnIp1MAQtp1mIFE1bc=
github.com/gorilla/mux v1.7.4/go.mod h1:DVbg23sWSpFRCP0SfiEN6jmj59UnW/n46BH5rLB71So=
